
Microsoft Visual Studio Solution File, Format Version 12.00
# Visual Studio Version 17
VisualStudioVersion = 17.14.36327.8 d17.14
MinimumVisualStudioVersion = 10.0.40219.1
Project("{FAE04EC0-301F-11D3-BF4B-00C04F79EFBC}") = "OOP-console-spil", "OOP-console-spil\OOP-console-spil.csproj", "{4AF29B47-842E-485F-805A-8218655BE7E1}"
EndProject
Global
	GlobalSection(SolutionConfigurationPlatforms) = preSolution
		Debug|Any CPU = Debug|Any CPU
		Release|Any CPU = Release|Any CPU
	EndGlobalSection
	GlobalSection(ProjectConfigurationPlatforms) = postSolution
		{4AF29B47-842E-485F-805A-8218655BE7E1}.Debug|Any CPU.ActiveCfg = Debug|Any CPU
		{4AF29B47-842E-485F-805A-8218655BE7E1}.Debug|Any CPU.Build.0 = Debug|Any CPU
		{4AF29B47-842E-485F-805A-8218655BE7E1}.Release|Any CPU.ActiveCfg = Release|Any CPU
		{4AF29B47-842E-485F-805A-8218655BE7E1}.Release|Any CPU.Build.0 = Release|Any CPU
	EndGlobalSection
	GlobalSection(SolutionProperties) = preSolution
		HideSolutionNode = FALSE
	EndGlobalSection
	GlobalSection(ExtensibilityGlobals) = postSolution
		SolutionGuid = {BDB67D24-DB05-4F05-9F61-2717A4126C82}
	EndGlobalSection
EndGlobal
